
Microsoft Visual Studio Solution File, Format Version 12.00
# Visual Studio Version 17
VisualStudioVersion = 17.9.34714.143
MinimumVisualStudioVersion = 10.0.40219.1
Project("{FAE04EC0-301F-11D3-BF4B-00C04F79EFBC}") = "CI-Test-Project", "CI-Test-Project\CI-Test-Project.csproj", "{0059F03C-7CA0-4B92-81CF-3652DB73427E}"
EndProject
Project("{FAE04EC0-301F-11D3-BF4B-00C04F79EFBC}") = "TestSum", "TestSum\TestSum.csproj", "{11520295-F187-42DF-B725-101053BD1AFE}"
EndProject
Global
	GlobalSection(SolutionConfigurationPlatforms) = preSolution
		Debug|Any CPU = Debug|Any CPU
		Release|Any CPU = Release|Any CPU
	EndGlobalSection
	GlobalSection(ProjectConfigurationPlatforms) = postSolution
		{0059F03C-7CA0-4B92-81CF-3652DB73427E}.Debug|Any CPU.ActiveCfg = Debug|Any CPU
		{0059F03C-7CA0-4B92-81CF-3652DB73427E}.Debug|Any CPU.Build.0 = Debug|Any CPU
		{0059F03C-7CA0-4B92-81CF-3652DB73427E}.Release|Any CPU.ActiveCfg = Release|Any CPU
		{0059F03C-7CA0-4B92-81CF-3652DB73427E}.Release|Any CPU.Build.0 = Release|Any CPU
		{11520295-F187-42DF-B725-101053BD1AFE}.Debug|Any CPU.ActiveCfg = Debug|Any CPU
		{11520295-F187-42DF-B725-101053BD1AFE}.Debug|Any CPU.Build.0 = Debug|Any CPU
		{11520295-F187-42DF-B725-101053BD1AFE}.Release|Any CPU.ActiveCfg = Release|Any CPU
		{11520295-F187-42DF-B725-101053BD1AFE}.Release|Any CPU.Build.0 = Release|Any CPU
	EndGlobalSection
	GlobalSection(SolutionProperties) = preSolution
		HideSolutionNode = FALSE
	EndGlobalSection
	GlobalSection(ExtensibilityGlobals) = postSolution
		SolutionGuid = {A5202227-2799-427F-8B50-1E94E8E83E66}
	EndGlobalSection
EndGlobal
